<?xml version="1.0" encoding="utf-8"?>
<Project ToolsVersion="4.0" xmlns="http://schemas.microsoft.com/developer/msbuild/2003">
  <ItemGroup>
    <Filter Include="Source Files">
      <UniqueIdentifier>{4FC737F1-C7A5-4376-A066-2A32D752A2FF}</UniqueIdentifier>
      <Extensions>cpp;c;cc;cxx;def;odl;idl;hpj;bat;asm;asmx</Extensions>
    </Filter>
    <Filter Include="Header Files">
      <UniqueIdentifier>{93995380-89BD-4b04-88EB-625FBE52EBFB}</UniqueIdentifier>
      <Extensions>h;hh;hpp;hxx;hm;inl;inc;ipp;xsd</Extensions>
    </Filter>
    <Filter Include="Resource Files">
      <UniqueIdentifier>{67DA6AB6-F800-4c08-8B7A-83BB121AAD01}</UniqueIdentifier>
      <Extensions>rc;ico;cur;bmp;dlg;rc2;rct;bin;rgs;gif;jpg;jpeg;jpe;resx;tiff;tif;png;wav;mfcribbon-ms</Extensions>
    </Filter>
    <Filter Include="Common">
      <UniqueIdentifier>{b4e99042-e419-4cca-8382-9d358162e246}</UniqueIdentifier>
    </Filter>
    <Filter Include="Common\Header Files">
      <UniqueIdentifier>{dc4b2476-8fe0-4ae5-bc2b-f323ed1f6b70}</UniqueIdentifier>
    </Filter>
    <Filter Include="Common\Source Files">
      <UniqueIdentifier>{18b6d476-e847-45d2-9623-119968c6eb94}</UniqueIdentifier>
    </Filter>
    <Filter Include="XUSG">
      <UniqueIdentifier>{c8f1f7b1-f111-4e86-a54e-5a3909ad8296}</UniqueIdentifier>
    </Filter>
    <Filter Include="Shaders">
      <UniqueIdentifier>{aef06da7-c63a-4bfd-b055-b499e65346de}</UniqueIdentifier>
    </Filter>
    <Filter Include="XUSG\Optional">
      <UniqueIdentifier>{cf33d033-4330-4a25-9dd9-7070c02d511a}</UniqueIdentifier>
    </Filter>
  </ItemGroup>
  <ItemGroup>
    <ClInclude Include="Common\d3dx12.h">
      <Filter>Common\Header Files</Filter>
    </ClInclude>
    <ClInclude Include="Common\DXFramework.h">
      <Filter>Common\Header Files</Filter>
    </ClInclude>
    <ClInclude Include="Common\DXFrameworkHelper.h">
      <Filter>Common\Header Files</Filter>
    </ClInclude>
    <ClInclude Include="Common\StepTimer.h">
      <Filter>Common\Header Files</Filter>
    </ClInclude>
    <ClInclude Include="Common\Win32Application.h">
      <Filter>Common\Header Files</Filter>
    </ClInclude>
    <ClInclude Include="stdafx.h">
      <Filter>Header Files</Filter>
    </ClInclude>
    <ClInclude Include="Content\SharedConst.h">
      <Filter>Header Files</Filter>
    </ClInclude>
    <ClInclude Include="Content\SparseVolume.h">
      <Filter>Header Files</Filter>
    </ClInclude>
    <ClInclude Include="SparseVolumeDXR.h">
      <Filter>Header Files</Filter>
    </ClInclude>
    <ClInclude Include="Common\D3D12RaytracingHelpers.hpp">
      <Filter>Common\Header Files</Filter>
    </ClInclude>
    <ClInclude Include="XUSG\Optional\XUSGObjLoader.h">
      <Filter>XUSG\Optional</Filter>
    </ClInclude>
    <ClInclude Include="XUSG\Core\XUSG.h">
      <Filter>XUSG</Filter>
    </ClInclude>
    <ClInclude Include="XUSG\RayTracing\XUSGRayTracing.h">
      <Filter>XUSG</Filter>
    </ClInclude>
    <ClInclude Include="XUSG\Ultimate\XUSGUltimate.h">
      <Filter>XUSG</Filter>
    </ClInclude>
    <ClInclude Include="Common\d3d12.h">
      <Filter>Common\Header Files</Filter>
    </ClInclude>
    <ClInclude Include="Common\d3dcommon.h">
      <Filter>Common\Header Files</Filter>
    </ClInclude>
    <ClInclude Include="Common\dxgicommon.h">
      <Filter>Common\Header Files</Filter>
    </ClInclude>
    <ClInclude Include="Common\dxgiformat.h">
      <Filter>Common\Header Files</Filter>
    </ClInclude>
  </ItemGroup>
  <ItemGroup>
    <ClCompile Include="Common\DXFramework.cpp">
      <Filter>Common\Source Files</Filter>
    </ClCompile>
    <ClCompile Include="Common\Win32Application.cpp">
      <Filter>Common\Source Files</Filter>
    </ClCompile>
    <ClCompile Include="Main.cpp">
      <Filter>Source Files</Filter>
    </ClCompile>
    <ClCompile Include="stdafx.cpp">
      <Filter>Source Files</Filter>
    </ClCompile>
    <ClCompile Include="Content\SparseVolume.cpp">
      <Filter>Source Files</Filter>
    </ClCompile>
    <ClCompile Include="SparseVolumeDXR.cpp">
      <Filter>Source Files</Filter>
    </ClCompile>
    <ClCompile Include="XUSG\Optional\XUSGObjLoader.cpp">
      <Filter>XUSG\Optional</Filter>
    </ClCompile>
  </ItemGroup>
  <ItemGroup>
    <None Include="Content\Shaders\SparseRayCast.hlsli">
      <Filter>Shaders</Filter>
    </None>
  </ItemGroup>
  <ItemGroup>
    <FxCompile Include="Content\Shaders\PSDepthPeel.hlsl">
      <Filter>Shaders</Filter>
    </FxCompile>
    <FxCompile Include="Content\Shaders\VSBasePass.hlsl">
      <Filter>Shaders</Filter>
    </FxCompile>
    <FxCompile Include="Content\Shaders\VSScreenQuad.hlsl">
      <Filter>Shaders</Filter>
    </FxCompile>
    <FxCompile Include="Content\Shaders\PSSparseRayCast.hlsl">
      <Filter>Shaders</Filter>
    </FxCompile>
    <FxCompile Include="Content\Shaders\SparseRayCast.hlsl">
      <Filter>Shaders</Filter>
    </FxCompile>
  </ItemGroup>
</Project>